
Microsoft Visual Studio Solution File, Format Version 12.00
# Visual Studio 15
VisualStudioVersion = 15.0.28307.1340
MinimumVisualStudioVersion = 10.0.40219.1
Project("{FAE04EC0-301F-11D3-BF4B-00C04F79EFBC}") = "RazorPagesMovie", "WebApplication1\RazorPagesMovie.csproj", "{46092EF6-24A5-4E75-BC86-1960AA7B265C}"
EndProject
Global
	GlobalSection(SolutionConfigurationPlatforms) = preSolution
		Debug|Any CPU = Debug|Any CPU
		Release|Any CPU = Release|Any CPU
	EndGlobalSection
	GlobalSection(ProjectConfigurationPlatforms) = postSolution
		{46092EF6-24A5-4E75-BC86-1960AA7B265C}.Debug|Any CPU.ActiveCfg = Debug|Any CPU
		{46092EF6-24A5-4E75-BC86-1960AA7B265C}.Debug|Any CPU.Build.0 = Debug|Any CPU
		{46092EF6-24A5-4E75-BC86-1960AA7B265C}.Release|Any CPU.ActiveCfg = Release|Any CPU
		{46092EF6-24A5-4E75-BC86-1960AA7B265C}.Release|Any CPU.Build.0 = Release|Any CPU
	EndGlobalSection
	GlobalSection(SolutionProperties) = preSolution
		HideSolutionNode = FALSE
	EndGlobalSection
	GlobalSection(ExtensibilityGlobals) = postSolution
		SolutionGuid = {2508D76F-29B1-4A7F-B3F7-4F180FE09805}
	EndGlobalSection
EndGlobal
